PODS:
  - SuperAlertController (1.0.2)

DEPENDENCIES:
  - SuperAlertController (from `../`)

EXTERNAL SOURCES:
  SuperAlertController:
    :path: ../

SPEC CHECKSUMS:
  SuperAlertController: b9be81d922995e47a76291dd3043cdc7f3c50bca

PODFILE CHECKSUM: f84da238c075013b919d2c05bee492672c5de031

COCOAPODS: 1.4.0
