PODS:
  - SuperAlertController (1.0.1)

DEPENDENCIES:
  - SuperAlertController (from `../`)

EXTERNAL SOURCES:
  SuperAlertController:
    :path: ../

SPEC CHECKSUMS:
  SuperAlertController: f36b7084baf8d0de1d2b44419bcd9403cbaadede

PODFILE CHECKSUM: f84da238c075013b919d2c05bee492672c5de031

COCOAPODS: 1.4.0
