PODS:
  - SuperAlertController/Core (2.0.1)
  - SuperAlertController/Ext (2.0.1):
    - SuperAlertController/Core

DEPENDENCIES:
  - SuperAlertController/Ext (from `../`)

EXTERNAL SOURCES:
  SuperAlertController:
    :path: "../"

SPEC CHECKSUMS:
  SuperAlertController: 65aa2beac21da9b9bd5e55d918b8ce3acaedf22e

PODFILE CHECKSUM: 6a61221ce7ef5230850f685e1eac408a76b32c99

COCOAPODS: 1.5.0
